
Microsoft Visual Studio Solution File, Format Version 12.00
# Visual Studio Version 17
VisualStudioVersion = 17.13.35818.85 d17.13
MinimumVisualStudioVersion = 10.0.40219.1
Project("{FAE04EC0-301F-11D3-BF4B-00C04F79EFBC}") = "TPModul5_2311104052", "TPModul5_2311104052\TPModul5_2311104052.csproj", "{EA5DFB36-2B8E-484F-99C5-A2A9E67A7509}"
EndProject
Global
	GlobalSection(SolutionConfigurationPlatforms) = preSolution
		Debug|Any CPU = Debug|Any CPU
		Release|Any CPU = Release|Any CPU
	EndGlobalSection
	GlobalSection(ProjectConfigurationPlatforms) = postSolution
		{EA5DFB36-2B8E-484F-99C5-A2A9E67A7509}.Debug|Any CPU.ActiveCfg = Debug|Any CPU
		{EA5DFB36-2B8E-484F-99C5-A2A9E67A7509}.Debug|Any CPU.Build.0 = Debug|Any CPU
		{EA5DFB36-2B8E-484F-99C5-A2A9E67A7509}.Release|Any CPU.ActiveCfg = Release|Any CPU
		{EA5DFB36-2B8E-484F-99C5-A2A9E67A7509}.Release|Any CPU.Build.0 = Release|Any CPU
	EndGlobalSection
	GlobalSection(SolutionProperties) = preSolution
		HideSolutionNode = FALSE
	EndGlobalSection
	GlobalSection(ExtensibilityGlobals) = postSolution
		SolutionGuid = {78182FA5-47FF-4EA1-93F0-F2A2B1F98E95}
	EndGlobalSection
EndGlobal
