
Microsoft Visual Studio Solution File, Format Version 12.00
# Visual Studio Version 17
VisualStudioVersion = 17.13.35818.85 d17.13
MinimumVisualStudioVersion = 10.0.40219.1
Project("{FAE04EC0-301F-11D3-BF4B-00C04F79EFBC}") = "TPMODUL3_2311104052", "TPMODUL3_2311104052\TPMODUL3_2311104052.csproj", "{D6BD9B5B-FB2D-4B0A-B5E2-73300761BB04}"
EndProject
Global
	GlobalSection(SolutionConfigurationPlatforms) = preSolution
		Debug|Any CPU = Debug|Any CPU
		Release|Any CPU = Release|Any CPU
	EndGlobalSection
	GlobalSection(ProjectConfigurationPlatforms) = postSolution
		{D6BD9B5B-FB2D-4B0A-B5E2-73300761BB04}.Debug|Any CPU.ActiveCfg = Debug|Any CPU
		{D6BD9B5B-FB2D-4B0A-B5E2-73300761BB04}.Debug|Any CPU.Build.0 = Debug|Any CPU
		{D6BD9B5B-FB2D-4B0A-B5E2-73300761BB04}.Release|Any CPU.ActiveCfg = Release|Any CPU
		{D6BD9B5B-FB2D-4B0A-B5E2-73300761BB04}.Release|Any CPU.Build.0 = Release|Any CPU
	EndGlobalSection
	GlobalSection(SolutionProperties) = preSolution
		HideSolutionNode = FALSE
	EndGlobalSection
	GlobalSection(ExtensibilityGlobals) = postSolution
		SolutionGuid = {ACF9772D-B201-4B7A-8793-5D6E06EC56E5}
	EndGlobalSection
EndGlobal
